PODS:
  - HandyFrame (1.2.0)
  - TTTAttributedLabel (2.0.0)

DEPENDENCIES:
  - HandyFrame
  - TTTAttributedLabel

SPEC REPOS:
  https://github.com/cocoapods/specs.git:
    - HandyFrame
    - TTTAttributedLabel

SPEC CHECKSUMS:
  HandyFrame: 437df83ba7563c56cd55b9bd0128561995463110
  TTTAttributedLabel: 8cffe8e127e4e82ff3af1e5386d4cd0ad000b656

PODFILE CHECKSUM: 2360c6f047cfbbdeae3ca5c5a086622fc733d144

COCOAPODS: 1.5.3
